
Microsoft Visual Studio Solution File, Format Version 12.00
# Visual Studio Version 16
VisualStudioVersion = 16.0.30804.86
MinimumVisualStudioVersion = 10.0.40219.1
Project("{FAE04EC0-301F-11D3-BF4B-00C04F79EFBC}") = "RandomTweaksFontModule", "FontModule\RandomTweaksFontModule.csproj", "{935400BE-3B7F-43F9-8746-9D2A2F3AE91D}"
EndProject
Project("{FAE04EC0-301F-11D3-BF4B-00C04F79EFBC}") = "RandomTweaksMiscModule", "MiscModule\RandomTweaksMiscModule.csproj", "{C9387D8C-8E04-4E0B-BDAC-4567A3B4873E}"
EndProject
Project("{FAE04EC0-301F-11D3-BF4B-00C04F79EFBC}") = "RandomTweaksPlayingModule", "PlayingModule\RandomTweaksPlayingModule.csproj", "{ADAD953F-B7F0-463E-92AF-51E3B4598969}"
EndProject
Global
	GlobalSection(SolutionConfigurationPlatforms) = preSolution
		Debug|Any CPU = Debug|Any CPU
		Release|Any CPU = Release|Any CPU
	EndGlobalSection
	GlobalSection(ProjectConfigurationPlatforms) = postSolution
		{935400BE-3B7F-43F9-8746-9D2A2F3AE91D}.Release|Any CPU.ActiveCfg = Release|Any CPU
		{935400BE-3B7F-43F9-8746-9D2A2F3AE91D}.Release|Any CPU.Build.0 = Release|Any CPU
		{935400BE-3B7F-43F9-8746-9D2A2F3AE91D}.Debug|Any CPU.ActiveCfg = Release|Any CPU
		{935400BE-3B7F-43F9-8746-9D2A2F3AE91D}.Debug|Any CPU.Build.0 = Release|Any CPU
		{C9387D8C-8E04-4E0B-BDAC-4567A3B4873E}.Release|Any CPU.ActiveCfg = Release|Any CPU
		{C9387D8C-8E04-4E0B-BDAC-4567A3B4873E}.Release|Any CPU.Build.0 = Release|Any CPU
		{C9387D8C-8E04-4E0B-BDAC-4567A3B4873E}.Debug|Any CPU.ActiveCfg = Release|Any CPU
		{C9387D8C-8E04-4E0B-BDAC-4567A3B4873E}.Debug|Any CPU.Build.0 = Release|Any CPU
		{ADAD953F-B7F0-463E-92AF-51E3B4598969}.Release|Any CPU.ActiveCfg = Release|Any CPU
		{ADAD953F-B7F0-463E-92AF-51E3B4598969}.Release|Any CPU.Build.0 = Release|Any CPU
		{ADAD953F-B7F0-463E-92AF-51E3B4598969}.Debug|Any CPU.ActiveCfg = Release|Any CPU
		{ADAD953F-B7F0-463E-92AF-51E3B4598969}.Debug|Any CPU.Build.0 = Release|Any CPU
	EndGlobalSection
	GlobalSection(SolutionProperties) = preSolution
		HideSolutionNode = FALSE
	EndGlobalSection
	GlobalSection(ExtensibilityGlobals) = postSolution
		SolutionGuid = {EB192665-B433-43AF-A2C0-0A659D7A554E}
	EndGlobalSection
EndGlobal
